// !$*UTF8*$!
{
	archiveVersion = 1;
	classes = {
	};
	objectVersion = 56;
	objects = {

/* Begin PBXBuildFile section */
		9C0C5BE32A2B17A700DA76BD /* AppDelegate.swift in Sources */ = {isa = PBXBuildFile; fileRef = 9C0C5BE22A2B17A700DA76BD /* AppDelegate.swift */; };
		9C0C5BE52A2B17A700DA76BD /* SceneDelegate.swift in Sources */ = {isa = PBXBuildFile; fileRef = 9C0C5BE42A2B17A700DA76BD /* SceneDelegate.swift */; };
		9C0C5BE72A2B17A700DA76BD /* RMTabViewController.swift in Sources */ = {isa = PBXBuildFile; fileRef = 9C0C5BE62A2B17A700DA76BD /* RMTabViewController.swift */; };
		9C0C5BEC2A2B17A800DA76BD /* Assets.xcassets in Resources */ = {isa = PBXBuildFile; fileRef = 9C0C5BEB2A2B17A800DA76BD /* Assets.xcassets */; };
		9C0C5BEF2A2B17A800DA76BD /* LaunchScreen.storyboard in Resources */ = {isa = PBXBuildFile; fileRef = 9C0C5BED2A2B17A800DA76BD /* LaunchScreen.storyboard */; };
		9C0C5BFF2A2B1A2800DA76BD /* RMLocation.swift in Sources */ = {isa = PBXBuildFile; fileRef = 9C0C5BFE2A2B1A2800DA76BD /* RMLocation.swift */; };
		9C0C5C012A2B1A3E00DA76BD /* RMCharacter.swift in Sources */ = {isa = PBXBuildFile; fileRef = 9C0C5C002A2B1A3E00DA76BD /* RMCharacter.swift */; };
		9C0C5C032A2B1A4800DA76BD /* RMEpisode.swift in Sources */ = {isa = PBXBuildFile; fileRef = 9C0C5C022A2B1A4800DA76BD /* RMEpisode.swift */; };
		9C0C5C062A2B1B0400DA76BD /* RMCharacterViewController.swift in Sources */ = {isa = PBXBuildFile; fileRef = 9C0C5C052A2B1B0400DA76BD /* RMCharacterViewController.swift */; };
		9C0C5C082A2B1B1500DA76BD /* RMEpisodeViewController.swift in Sources */ = {isa = PBXBuildFile; fileRef = 9C0C5C072A2B1B1500DA76BD /* RMEpisodeViewController.swift */; };
		9C0C5C0A2A2B1B2200DA76BD /* RMLocationViewController.swift in Sources */ = {isa = PBXBuildFile; fileRef = 9C0C5C092A2B1B2200DA76BD /* RMLocationViewController.swift */; };
		9C0C5C0C2A2B1B3000DA76BD /* RMSettingViewController.swift in Sources */ = {isa = PBXBuildFile; fileRef = 9C0C5C0B2A2B1B3000DA76BD /* RMSettingViewController.swift */; };
		9C0C5C102A2B25F900DA76BD /* RMService.swift in Sources */ = {isa = PBXBuildFile; fileRef = 9C0C5C0F2A2B25F900DA76BD /* RMService.swift */; };
		9C0C5C122A2B260400DA76BD /* RMRequest.swift in Sources */ = {isa = PBXBuildFile; fileRef = 9C0C5C112A2B260400DA76BD /* RMRequest.swift */; };
		9C0C5C142A2B269700DA76BD /* RMEndpoint.swift in Sources */ = {isa = PBXBuildFile; fileRef = 9C0C5C132A2B269700DA76BD /* RMEndpoint.swift */; };
		9C0C5C162A2B2D2C00DA76BD /* RMOrigin.swift in Sources */ = {isa = PBXBuildFile; fileRef = 9C0C5C152A2B2D2C00DA76BD /* RMOrigin.swift */; };
		9C0C5C182A2B2DA000DA76BD /* RMSingleLocation.swift in Sources */ = {isa = PBXBuildFile; fileRef = 9C0C5C172A2B2DA000DA76BD /* RMSingleLocation.swift */; };
		9C0C5C1A2A2B2EA700DA76BD /* RMCharacterStatus.swift in Sources */ = {isa = PBXBuildFile; fileRef = 9C0C5C192A2B2EA700DA76BD /* RMCharacterStatus.swift */; };
		9C0C5C1C2A2B2EC100DA76BD /* RMCharacterGender.swift in Sources */ = {isa = PBXBuildFile; fileRef = 9C0C5C1B2A2B2EC100DA76BD /* RMCharacterGender.swift */; };
/* End PBXBuildFile section */

/* Begin PBXFileReference section */
		9C0C5BDF2A2B17A700DA76BD /* RickAndMorty.app */ = {isa = PBXFileReference; explicitFileType = wrapper.application; includeInIndex = 0; path = RickAndMorty.app; sourceTree = BUILT_PRODUCTS_DIR; };
		9C0C5BE22A2B17A700DA76BD /* AppDelegate.swift */ = {isa = PBXFileReference; lastKnownFileType = sourcecode.swift; path = AppDelegate.swift; sourceTree = "<group>"; };
		9C0C5BE42A2B17A700DA76BD /* SceneDelegate.swift */ = {isa = PBXFileReference; lastKnownFileType = sourcecode.swift; path = SceneDelegate.swift; sourceTree = "<group>"; };
		9C0C5BE62A2B17A700DA76BD /* RMTabViewController.swift */ = {isa = PBXFileReference; lastKnownFileType = sourcecode.swift; path = RMTabViewController.swift; sourceTree = "<group>"; };
		9C0C5BEB2A2B17A800DA76BD /* Assets.xcassets */ = {isa = PBXFileReference; lastKnownFileType = folder.assetcatalog; path = Assets.xcassets; sourceTree = "<group>"; };
		9C0C5BEE2A2B17A800DA76BD /* Base */ = {isa = PBXFileReference; lastKnownFileType = file.storyboard; name = Base; path = Base.lproj/LaunchScreen.storyboard; sourceTree = "<group>"; };
		9C0C5BF02A2B17A800DA76BD /* Info.plist */ = {isa = PBXFileReference; lastKnownFileType = text.plist.xml; path = Info.plist; sourceTree = "<group>"; };
		9C0C5BFE2A2B1A2800DA76BD /* RMLocation.swift */ = {isa = PBXFileReference; lastKnownFileType = sourcecode.swift; path = RMLocation.swift; sourceTree = "<group>"; };
		9C0C5C002A2B1A3E00DA76BD /* RMCharacter.swift */ = {isa = PBXFileReference; lastKnownFileType = sourcecode.swift; path = RMCharacter.swift; sourceTree = "<group>"; };
		9C0C5C022A2B1A4800DA76BD /* RMEpisode.swift */ = {isa = PBXFileReference; lastKnownFileType = sourcecode.swift; path = RMEpisode.swift; sourceTree = "<group>"; };
		9C0C5C052A2B1B0400DA76BD /* RMCharacterViewController.swift */ = {isa = PBXFileReference; lastKnownFileType = sourcecode.swift; path = RMCharacterViewController.swift; sourceTree = "<group>"; };
		9C0C5C072A2B1B1500DA76BD /* RMEpisodeViewController.swift */ = {isa = PBXFileReference; lastKnownFileType = sourcecode.swift; path = RMEpisodeViewController.swift; sourceTree = "<group>"; };
		9C0C5C092A2B1B2200DA76BD /* RMLocationViewController.swift */ = {isa = PBXFileReference; lastKnownFileType = sourcecode.swift; path = RMLocationViewController.swift; sourceTree = "<group>"; };
		9C0C5C0B2A2B1B3000DA76BD /* RMSettingViewController.swift */ = {isa = PBXFileReference; lastKnownFileType = sourcecode.swift; path = RMSettingViewController.swift; sourceTree = "<group>"; };
		9C0C5C0F2A2B25F900DA76BD /* RMService.swift */ = {isa = PBXFileReference; lastKnownFileType = sourcecode.swift; path = RMService.swift; sourceTree = "<group>"; };
		9C0C5C112A2B260400DA76BD /* RMRequest.swift */ = {isa = PBXFileReference; lastKnownFileType = sourcecode.swift; path = RMRequest.swift; sourceTree = "<group>"; };
		9C0C5C132A2B269700DA76BD /* RMEndpoint.swift */ = {isa = PBXFileReference; lastKnownFileType = sourcecode.swift; path = RMEndpoint.swift; sourceTree = "<group>"; };
		9C0C5C152A2B2D2C00DA76BD /* RMOrigin.swift */ = {isa = PBXFileReference; lastKnownFileType = sourcecode.swift; path = RMOrigin.swift; sourceTree = "<group>"; };
		9C0C5C172A2B2DA000DA76BD /* RMSingleLocation.swift */ = {isa = PBXFileReference; lastKnownFileType = sourcecode.swift; path = RMSingleLocation.swift; sourceTree = "<group>"; };
		9C0C5C192A2B2EA700DA76BD /* RMCharacterStatus.swift */ = {isa = PBXFileReference; lastKnownFileType = sourcecode.swift; path = RMCharacterStatus.swift; sourceTree = "<group>"; };
		9C0C5C1B2A2B2EC100DA76BD /* RMCharacterGender.swift */ = {isa = PBXFileReference; lastKnownFileType = sourcecode.swift; path = RMCharacterGender.swift; sourceTree = "<group>"; };
/* End PBXFileReference section */

/* Begin PBXFrameworksBuildPhase section */
		9C0C5BDC2A2B17A700DA76BD /* Frameworks */ = {
			isa = PBXFrameworksBuildPhase;
			buildActionMask = 2147483647;
			files = (
			);
			runOnlyForDeploymentPostprocessing = 0;
		};
/* End PBXFrameworksBuildPhase section */

/* Begin PBXGroup section */
		9C0C5BD62A2B17A700DA76BD = {
			isa = PBXGroup;
			children = (
				9C0C5BE12A2B17A700DA76BD /* RickAndMorty */,
				9C0C5BE02A2B17A700DA76BD /* Products */,
			);
			sourceTree = "<group>";
		};
		9C0C5BE02A2B17A700DA76BD /* Products */ = {
			isa = PBXGroup;
			children = (
				9C0C5BDF2A2B17A700DA76BD /* RickAndMorty.app */,
			);
			name = Products;
			sourceTree = "<group>";
		};
		9C0C5BE12A2B17A700DA76BD /* RickAndMorty */ = {
			isa = PBXGroup;
			children = (
				9C0C5BFD2A2B19A000DA76BD /* Resources */,
				9C0C5BFB2A2B197400DA76BD /* Managers */,
				9C0C5BFC2A2B198E00DA76BD /* APIClient */,
				9C0C5BF72A2B194700DA76BD /* Models */,
				9C0C5BF92A2B195A00DA76BD /* Views */,
				9C0C5BF82A2B194C00DA76BD /* ViewModels */,
				9C0C5BF62A2B193F00DA76BD /* Controllers */,
				9C0C5BF02A2B17A800DA76BD /* Info.plist */,
			);
			path = RickAndMorty;
			sourceTree = "<group>";
		};
		9C0C5BF62A2B193F00DA76BD /* Controllers */ = {
			isa = PBXGroup;
			children = (
				9C0C5C042A2B1AC900DA76BD /* Core */,
			);
			path = Controllers;
			sourceTree = "<group>";
		};
		9C0C5BF72A2B194700DA76BD /* Models */ = {
			isa = PBXGroup;
			children = (
				9C0C5BFE2A2B1A2800DA76BD /* RMLocation.swift */,
				9C0C5C002A2B1A3E00DA76BD /* RMCharacter.swift */,
				9C0C5C022A2B1A4800DA76BD /* RMEpisode.swift */,
				9C0C5C152A2B2D2C00DA76BD /* RMOrigin.swift */,
				9C0C5C172A2B2DA000DA76BD /* RMSingleLocation.swift */,
				9C0C5C192A2B2EA700DA76BD /* RMCharacterStatus.swift */,
				9C0C5C1B2A2B2EC100DA76BD /* RMCharacterGender.swift */,
			);
			path = Models;
			sourceTree = "<group>";
		};
		9C0C5BF82A2B194C00DA76BD /* ViewModels */ = {
			isa = PBXGroup;
			children = (
			);
			path = ViewModels;
			sourceTree = "<group>";
		};
		9C0C5BF92A2B195A00DA76BD /* Views */ = {
			isa = PBXGroup;
			children = (
			);
			path = Views;
			sourceTree = "<group>";
		};
		9C0C5BFB2A2B197400DA76BD /* Managers */ = {
			isa = PBXGroup;
			children = (
			);
			path = Managers;
			sourceTree = "<group>";
		};
		9C0C5BFC2A2B198E00DA76BD /* APIClient */ = {
			isa = PBXGroup;
			children = (
				9C0C5C0F2A2B25F900DA76BD /* RMService.swift */,
				9C0C5C112A2B260400DA76BD /* RMRequest.swift */,
				9C0C5C132A2B269700DA76BD /* RMEndpoint.swift */,
			);
			path = APIClient;
			sourceTree = "<group>";
		};
		9C0C5BFD2A2B19A000DA76BD /* Resources */ = {
			isa = PBXGroup;
			children = (
				9C0C5BE22A2B17A700DA76BD /* AppDelegate.swift */,
				9C0C5BE42A2B17A700DA76BD /* SceneDelegate.swift */,
				9C0C5BEB2A2B17A800DA76BD /* Assets.xcassets */,
				9C0C5BED2A2B17A800DA76BD /* LaunchScreen.storyboard */,
			);
			path = Resources;
			sourceTree = "<group>";
		};
		9C0C5C042A2B1AC900DA76BD /* Core */ = {
			isa = PBXGroup;
			children = (
				9C0C5BE62A2B17A700DA76BD /* RMTabViewController.swift */,
				9C0C5C052A2B1B0400DA76BD /* RMCharacterViewController.swift */,
				9C0C5C072A2B1B1500DA76BD /* RMEpisodeViewController.swift */,
				9C0C5C092A2B1B2200DA76BD /* RMLocationViewController.swift */,
				9C0C5C0B2A2B1B3000DA76BD /* RMSettingViewController.swift */,
			);
			path = Core;
			sourceTree = "<group>";
		};
/* End PBXGroup section */

/* Begin PBXNativeTarget section */
		9C0C5BDE2A2B17A700DA76BD /* RickAndMorty */ = {
			isa = PBXNativeTarget;
			buildConfigurationList = 9C0C5BF32A2B17A800DA76BD /* Build configuration list for PBXNativeTarget "RickAndMorty" */;
			buildPhases = (
				9C0C5BDB2A2B17A700DA76BD /* Sources */,
				9C0C5BDC2A2B17A700DA76BD /* Frameworks */,
				9C0C5BDD2A2B17A700DA76BD /* Resources */,
			);
			buildRules = (
			);
			dependencies = (
			);
			name = RickAndMorty;
			productName = RickAndMorty;
			productReference = 9C0C5BDF2A2B17A700DA76BD /* RickAndMorty.app */;
			productType = "com.apple.product-type.application";
		};
/* End PBXNativeTarget section */

/* Begin PBXProject section */
		9C0C5BD72A2B17A700DA76BD /* Project object */ = {
			isa = PBXProject;
			attributes = {
				BuildIndependentTargetsInParallel = 1;
				LastSwiftUpdateCheck = 1430;
				LastUpgradeCheck = 1430;
				TargetAttributes = {
					9C0C5BDE2A2B17A700DA76BD = {
						CreatedOnToolsVersion = 14.3;
					};
				};
			};
			buildConfigurationList = 9C0C5BDA2A2B17A700DA76BD /* Build configuration list for PBXProject "RickAndMorty" */;
			compatibilityVersion = "Xcode 14.0";
			developmentRegion = en;
			hasScannedForEncodings = 0;
			knownRegions = (
				en,
				Base,
			);
			mainGroup = 9C0C5BD62A2B17A700DA76BD;
			productRefGroup = 9C0C5BE02A2B17A700DA76BD /* Products */;
			projectDirPath = "";
			projectRoot = "";
			targets = (
				9C0C5BDE2A2B17A700DA76BD /* RickAndMorty */,
			);
		};
/* End PBXProject section */

/* Begin PBXResourcesBuildPhase section */
		9C0C5BDD2A2B17A700DA76BD /* Resources */ = {
			isa = PBXResourcesBuildPhase;
			buildActionMask = 2147483647;
			files = (
				9C0C5BEF2A2B17A800DA76BD /* LaunchScreen.storyboard in Resources */,
				9C0C5BEC2A2B17A800DA76BD /* Assets.xcassets in Resources */,
			);
			runOnlyForDeploymentPostprocessing = 0;
		};
/* End PBXResourcesBuildPhase section */

/* Begin PBXSourcesBuildPhase section */
		9C0C5BDB2A2B17A700DA76BD /* Sources */ = {
			isa = PBXSourcesBuildPhase;
			buildActionMask = 2147483647;
			files = (
				9C0C5C162A2B2D2C00DA76BD /* RMOrigin.swift in Sources */,
				9C0C5C182A2B2DA000DA76BD /* RMSingleLocation.swift in Sources */,
				9C0C5C1A2A2B2EA700DA76BD /* RMCharacterStatus.swift in Sources */,
				9C0C5C1C2A2B2EC100DA76BD /* RMCharacterGender.swift in Sources */,
				9C0C5C0A2A2B1B2200DA76BD /* RMLocationViewController.swift in Sources */,
				9C0C5C032A2B1A4800DA76BD /* RMEpisode.swift in Sources */,
				9C0C5BE72A2B17A700DA76BD /* RMTabViewController.swift in Sources */,
				9C0C5BE32A2B17A700DA76BD /* AppDelegate.swift in Sources */,
				9C0C5C0C2A2B1B3000DA76BD /* RMSettingViewController.swift in Sources */,
				9C0C5BE52A2B17A700DA76BD /* SceneDelegate.swift in Sources */,
				9C0C5BFF2A2B1A2800DA76BD /* RMLocation.swift in Sources */,
				9C0C5C102A2B25F900DA76BD /* RMService.swift in Sources */,
				9C0C5C012A2B1A3E00DA76BD /* RMCharacter.swift in Sources */,
				9C0C5C142A2B269700DA76BD /* RMEndpoint.swift in Sources */,
				9C0C5C062A2B1B0400DA76BD /* RMCharacterViewController.swift in Sources */,
				9C0C5C122A2B260400DA76BD /* RMRequest.swift in Sources */,
				9C0C5C082A2B1B1500DA76BD /* RMEpisodeViewController.swift in Sources */,
			);
			runOnlyForDeploymentPostprocessing = 0;
		};
/* End PBXSourcesBuildPhase section */

/* Begin PBXVariantGroup section */
		9C0C5BED2A2B17A800DA76BD /* LaunchScreen.storyboard */ = {
			isa = PBXVariantGroup;
			children = (
				9C0C5BEE2A2B17A800DA76BD /* Base */,
			);
			name = LaunchScreen.storyboard;
			sourceTree = "<group>";
		};
/* End PBXVariantGroup section */

/* Begin XCBuildConfiguration section */
		9C0C5BF12A2B17A800DA76BD /* Debug */ = {
			isa = XCBuildConfiguration;
			buildSettings = {
				ALWAYS_SEARCH_USER_PATHS = NO;
				CLANG_ANALYZER_NONNULL = YES;
				CLANG_ANALYZER_NUMBER_OBJECT_CONVERSION = YES_AGGRESSIVE;
				CLANG_CXX_LANGUAGE_STANDARD = "gnu++20";
				CLANG_ENABLE_MODULES = YES;
				CLANG_ENABLE_OBJC_ARC = YES;
				CLANG_ENABLE_OBJC_WEAK = YES;
				CLANG_WARN_BLOCK_CAPTURE_AUTORELEASING = YES;
				CLANG_WARN_BOOL_CONVERSION = YES;
				CLANG_WARN_COMMA = YES;
				CLANG_WARN_CONSTANT_CONVERSION = YES;
				CLANG_WARN_DEPRECATED_OBJC_IMPLEMENTATIONS = YES;
				CLANG_WARN_DIRECT_OBJC_ISA_USAGE = YES_ERROR;
				CLANG_WARN_DOCUMENTATION_COMMENTS = YES;
				CLANG_WARN_EMPTY_BODY = YES;
				CLANG_WARN_ENUM_CONVERSION = YES;
				CLANG_WARN_INFINITE_RECURSION = YES;
				CLANG_WARN_INT_CONVERSION = YES;
				CLANG_WARN_NON_LITERAL_NULL_CONVERSION = YES;
				CLANG_WARN_OBJC_IMPLICIT_RETAIN_SELF = YES;
				CLANG_WARN_OBJC_LITERAL_CONVERSION = YES;
				CLANG_WARN_OBJC_ROOT_CLASS = YES_ERROR;
				CLANG_WARN_QUOTED_INCLUDE_IN_FRAMEWORK_HEADER = YES;
				CLANG_WARN_RANGE_LOOP_ANALYSIS = YES;
				CLANG_WARN_STRICT_PROTOTYPES = YES;
				CLANG_WARN_SUSPICIOUS_MOVE = YES;
				CLANG_WARN_UNGUARDED_AVAILABILITY = YES_AGGRESSIVE;
				CLANG_WARN_UNREACHABLE_CODE = YES;
				CLANG_WARN__DUPLICATE_METHOD_MATCH = YES;
				COPY_PHASE_STRIP = NO;
				DEBUG_INFORMATION_FORMAT = dwarf;
				ENABLE_STRICT_OBJC_MSGSEND = YES;
				ENABLE_TESTABILITY = YES;
				GCC_C_LANGUAGE_STANDARD = gnu11;
				GCC_DYNAMIC_NO_PIC = NO;
				GCC_NO_COMMON_BLOCKS = YES;
				GCC_OPTIMIZATION_LEVEL = 0;
				GCC_PREPROCESSOR_DEFINITIONS = (
					"DEBUG=1",
					"$(inherited)",
				);
				GCC_WARN_64_TO_32_BIT_CONVERSION = YES;
				GCC_WARN_ABOUT_RETURN_TYPE = YES_ERROR;
				GCC_WARN_UNDECLARED_SELECTOR = YES;
				GCC_WARN_UNINITIALIZED_AUTOS = YES_AGGRESSIVE;
				GCC_WARN_UNUSED_FUNCTION = YES;
				GCC_WARN_UNUSED_VARIABLE = YES;
				IPHONEOS_DEPLOYMENT_TARGET = 16.4;
				MTL_ENABLE_DEBUG_INFO = INCLUDE_SOURCE;
				MTL_FAST_MATH = YES;
				ONLY_ACTIVE_ARCH = YES;
				SDKROOT = iphoneos;
				SWIFT_ACTIVE_COMPILATION_CONDITIONS = DEBUG;
				SWIFT_OPTIMIZATION_LEVEL = "-Onone";
			};
			name = Debug;
		};
		9C0C5BF22A2B17A800DA76BD /* Release */ = {
			isa = XCBuildConfiguration;
			buildSettings = {
				ALWAYS_SEARCH_USER_PATHS = NO;
				CLANG_ANALYZER_NONNULL = YES;
				CLANG_ANALYZER_NUMBER_OBJECT_CONVERSION = YES_AGGRESSIVE;
				CLANG_CXX_LANGUAGE_STANDARD = "gnu++20";
				CLANG_ENABLE_MODULES = YES;
				CLANG_ENABLE_OBJC_ARC = YES;
				CLANG_ENABLE_OBJC_WEAK = YES;
				CLANG_WARN_BLOCK_CAPTURE_AUTORELEASING = YES;
				CLANG_WARN_BOOL_CONVERSION = YES;
				CLANG_WARN_COMMA = YES;
				CLANG_WARN_CONSTANT_CONVERSION = YES;
				CLANG_WARN_DEPRECATED_OBJC_IMPLEMENTATIONS = YES;
				CLANG_WARN_DIRECT_OBJC_ISA_USAGE = YES_ERROR;
				CLANG_WARN_DOCUMENTATION_COMMENTS = YES;
				CLANG_WARN_EMPTY_BODY = YES;
				CLANG_WARN_ENUM_CONVERSION = YES;
				CLANG_WARN_INFINITE_RECURSION = YES;
				CLANG_WARN_INT_CONVERSION = YES;
				CLANG_WARN_NON_LITERAL_NULL_CONVERSION = YES;
				CLANG_WARN_OBJC_IMPLICIT_RETAIN_SELF = YES;
				CLANG_WARN_OBJC_LITERAL_CONVERSION = YES;
				CLANG_WARN_OBJC_ROOT_CLASS = YES_ERROR;
				CLANG_WARN_QUOTED_INCLUDE_IN_FRAMEWORK_HEADER = YES;
				CLANG_WARN_RANGE_LOOP_ANALYSIS = YES;
				CLANG_WARN_STRICT_PROTOTYPES = YES;
				CLANG_WARN_SUSPICIOUS_MOVE = YES;
				CLANG_WARN_UNGUARDED_AVAILABILITY = YES_AGGRESSIVE;
				CLANG_WARN_UNREACHABLE_CODE = YES;
				CLANG_WARN__DUPLICATE_METHOD_MATCH = YES;
				COPY_PHASE_STRIP = NO;
				DEBUG_INFORMATION_FORMAT = "dwarf-with-dsym";
				ENABLE_NS_ASSERTIONS = NO;
				ENABLE_STRICT_OBJC_MSGSEND = YES;
				GCC_C_LANGUAGE_STANDARD = gnu11;
				GCC_NO_COMMON_BLOCKS = YES;
				GCC_WARN_64_TO_32_BIT_CONVERSION = YES;
				GCC_WARN_ABOUT_RETURN_TYPE = YES_ERROR;
				GCC_WARN_UNDECLARED_SELECTOR = YES;
				GCC_WARN_UNINITIALIZED_AUTOS = YES_AGGRESSIVE;
				GCC_WARN_UNUSED_FUNCTION = YES;
				GCC_WARN_UNUSED_VARIABLE = YES;
				IPHONEOS_DEPLOYMENT_TARGET = 16.4;
				MTL_ENABLE_DEBUG_INFO = NO;
				MTL_FAST_MATH = YES;
				SDKROOT = iphoneos;
				SWIFT_COMPILATION_MODE = wholemodule;
				SWIFT_OPTIMIZATION_LEVEL = "-O";
				VALIDATE_PRODUCT = YES;
			};
			name = Release;
		};
		9C0C5BF42A2B17A800DA76BD /* Debug */ = {
			isa = XCBuildConfiguration;
			buildSettings = {
				ASSETCATALOG_COMPILER_APPICON_NAME = AppIcon;
				ASSETCATALOG_COMPILER_GLOBAL_ACCENT_COLOR_NAME = AccentColor;
				CODE_SIGN_STYLE = Automatic;
				CURRENT_PROJECT_VERSION = 1;
				DEVELOPMENT_TEAM = X2GFNBRLQ7;
				GENERATE_INFOPLIST_FILE = YES;
				INFOPLIST_FILE = RickAndMorty/Info.plist;
				INFOPLIST_KEY_UIApplicationSupportsIndirectInputEvents = YES;
				INFOPLIST_KEY_UILaunchStoryboardName = LaunchScreen;
				INFOPLIST_KEY_UISupportedInterfaceOrientations_iPad = "UIInterfaceOrientationPortrait UIInterfaceOrientationPortraitUpsideDown UIInterfaceOrientationLandscapeLeft UIInterfaceOrientationLandscapeRight";
				INFOPLIST_KEY_UISupportedInterfaceOrientations_iPhone = "UIInterfaceOrientationPortrait UIInterfaceOrientationLandscapeLeft UIInterfaceOrientationLandscapeRight";
				LD_RUNPATH_SEARCH_PATHS = (
					"$(inherited)",
					"@executable_path/Frameworks",
				);
				MARKETING_VERSION = 1.0;
				PRODUCT_BUNDLE_IDENTIFIER = ibrahimatmaca.RickAndMorty;
				PRODUCT_NAME = "$(TARGET_NAME)";
				SWIFT_EMIT_LOC_STRINGS = YES;
				SWIFT_VERSION = 5.0;
				TARGETED_DEVICE_FAMILY = "1,2";
			};
			name = Debug;
		};
		9C0C5BF52A2B17A800DA76BD /* Release */ = {
			isa = XCBuildConfiguration;
			buildSettings = {
				ASSETCATALOG_COMPILER_APPICON_NAME = AppIcon;
				ASSETCATALOG_COMPILER_GLOBAL_ACCENT_COLOR_NAME = AccentColor;
				CODE_SIGN_STYLE = Automatic;
				CURRENT_PROJECT_VERSION = 1;
				DEVELOPMENT_TEAM = X2GFNBRLQ7;
				GENERATE_INFOPLIST_FILE = YES;
				INFOPLIST_FILE = RickAndMorty/Info.plist;
				INFOPLIST_KEY_UIApplicationSupportsIndirectInputEvents = YES;
				INFOPLIST_KEY_UILaunchStoryboardName = LaunchScreen;
				INFOPLIST_KEY_UISupportedInterfaceOrientations_iPad = "UIInterfaceOrientationPortrait UIInterfaceOrientationPortraitUpsideDown UIInterfaceOrientationLandscapeLeft UIInterfaceOrientationLandscapeRight";
				INFOPLIST_KEY_UISupportedInterfaceOrientations_iPhone = "UIInterfaceOrientationPortrait UIInterfaceOrientationLandscapeLeft UIInterfaceOrientationLandscapeRight";
				LD_RUNPATH_SEARCH_PATHS = (
					"$(inherited)",
					"@executable_path/Frameworks",
				);
				MARKETING_VERSION = 1.0;
				PRODUCT_BUNDLE_IDENTIFIER = ibrahimatmaca.RickAndMorty;
				PRODUCT_NAME = "$(TARGET_NAME)";
				SWIFT_EMIT_LOC_STRINGS = YES;
				SWIFT_VERSION = 5.0;
				TARGETED_DEVICE_FAMILY = "1,2";
			};
			name = Release;
		};
/* End XCBuildConfiguration section */

/* Begin XCConfigurationList section */
		9C0C5BDA2A2B17A700DA76BD /* Build configuration list for PBXProject "RickAndMorty" */ = {
			isa = XCConfigurationList;
			buildConfigurations = (
				9C0C5BF12A2B17A800DA76BD /* Debug */,
				9C0C5BF22A2B17A800DA76BD /* Release */,
			);
			defaultConfigurationIsVisible = 0;
			defaultConfigurationName = Release;
		};
		9C0C5BF32A2B17A800DA76BD /* Build configuration list for PBXNativeTarget "RickAndMorty" */ = {
			isa = XCConfigurationList;
			buildConfigurations = (
				9C0C5BF42A2B17A800DA76BD /* Debug */,
				9C0C5BF52A2B17A800DA76BD /* Release */,
			);
			defaultConfigurationIsVisible = 0;
			defaultConfigurationName = Release;
		};
/* End XCConfigurationList section */
	};
	rootObject = 9C0C5BD72A2B17A700DA76BD /* Project object */;
}
